
Microsoft Visual Studio Solution File, Format Version 12.00
# Visual Studio Version 17
VisualStudioVersion = 17.0.31912.275
MinimumVisualStudioVersion = 10.0.40219.1
Project("{FAE04EC0-301F-11D3-BF4B-00C04F79EFBC}") = "Homework1", "Homework\Homework1.csproj", "{4CE0F3B6-773A-4D69-AF0A-E63A7E2CCD1C}"
EndProject
Project("{FAE04EC0-301F-11D3-BF4B-00C04F79EFBC}") = "Homework2", "Homework2\Homework2.csproj", "{E5E5808C-C6A5-4721-AC4A-A9F98CF85FAA}"
EndProject
Project("{FAE04EC0-301F-11D3-BF4B-00C04F79EFBC}") = "Homework3", "Homework3\Homework3.csproj", "{FDB69418-0429-4AD1-B1E4-494B2086E627}"
EndProject
Project("{FAE04EC0-301F-11D3-BF4B-00C04F79EFBC}") = "Homework4", "Homework4\Homework4.csproj", "{EADD6658-1E9D-4B03-BA76-2DF956FAC622}"
EndProject
Global
	GlobalSection(SolutionConfigurationPlatforms) = preSolution
		Debug|Any CPU = Debug|Any CPU
		Release|Any CPU = Release|Any CPU
	EndGlobalSection
	GlobalSection(ProjectConfigurationPlatforms) = postSolution
		{4CE0F3B6-773A-4D69-AF0A-E63A7E2CCD1C}.Debug|Any CPU.ActiveCfg = Debug|Any CPU
		{4CE0F3B6-773A-4D69-AF0A-E63A7E2CCD1C}.Debug|Any CPU.Build.0 = Debug|Any CPU
		{4CE0F3B6-773A-4D69-AF0A-E63A7E2CCD1C}.Release|Any CPU.ActiveCfg = Release|Any CPU
		{4CE0F3B6-773A-4D69-AF0A-E63A7E2CCD1C}.Release|Any CPU.Build.0 = Release|Any CPU
		{E5E5808C-C6A5-4721-AC4A-A9F98CF85FAA}.Debug|Any CPU.ActiveCfg = Debug|Any CPU
		{E5E5808C-C6A5-4721-AC4A-A9F98CF85FAA}.Debug|Any CPU.Build.0 = Debug|Any CPU
		{E5E5808C-C6A5-4721-AC4A-A9F98CF85FAA}.Release|Any CPU.ActiveCfg = Release|Any CPU
		{E5E5808C-C6A5-4721-AC4A-A9F98CF85FAA}.Release|Any CPU.Build.0 = Release|Any CPU
		{FDB69418-0429-4AD1-B1E4-494B2086E627}.Debug|Any CPU.ActiveCfg = Debug|Any CPU
		{FDB69418-0429-4AD1-B1E4-494B2086E627}.Debug|Any CPU.Build.0 = Debug|Any CPU
		{FDB69418-0429-4AD1-B1E4-494B2086E627}.Release|Any CPU.ActiveCfg = Release|Any CPU
		{FDB69418-0429-4AD1-B1E4-494B2086E627}.Release|Any CPU.Build.0 = Release|Any CPU
		{EADD6658-1E9D-4B03-BA76-2DF956FAC622}.Debug|Any CPU.ActiveCfg = Debug|Any CPU
		{EADD6658-1E9D-4B03-BA76-2DF956FAC622}.Debug|Any CPU.Build.0 = Debug|Any CPU
		{EADD6658-1E9D-4B03-BA76-2DF956FAC622}.Release|Any CPU.ActiveCfg = Release|Any CPU
		{EADD6658-1E9D-4B03-BA76-2DF956FAC622}.Release|Any CPU.Build.0 = Release|Any CPU
	EndGlobalSection
	GlobalSection(SolutionProperties) = preSolution
		HideSolutionNode = FALSE
	EndGlobalSection
	GlobalSection(ExtensibilityGlobals) = postSolution
		SolutionGuid = {14C0161B-81A1-4F1C-84A8-A922D4C5B7AB}
	EndGlobalSection
EndGlobal
